
Microsoft Visual Studio Solution File, Format Version 12.00
# Visual Studio Version 16
VisualStudioVersion = 16.0.29920.165
MinimumVisualStudioVersion = 10.0.40219.1
Project("{8BC9CEB8-8B4A-11D0-8D11-00A0C91BC942}") = "libhpdf", "libharu_dll\libhpdf.vcxproj", "{BF82389C-2C86-4CF5-867B-033E83E5F0C9}"
EndProject
Project("{9A19103F-16F7-4668-BE54-9A1E7A4F7556}") = "libharu_app", "libharu_app\libharu_app.csproj", "{D75B505B-A06B-4558-B489-77F8F3CBDEF2}"
EndProject
Global
	GlobalSection(SolutionConfigurationPlatforms) = preSolution
		Debug|x64 = Debug|x64
		Release|x64 = Release|x64
	EndGlobalSection
	GlobalSection(ProjectConfigurationPlatforms) = postSolution
		{BF82389C-2C86-4CF5-867B-033E83E5F0C9}.Debug|x64.ActiveCfg = Debug|x64
		{BF82389C-2C86-4CF5-867B-033E83E5F0C9}.Debug|x64.Build.0 = Debug|x64
		{BF82389C-2C86-4CF5-867B-033E83E5F0C9}.Release|x64.ActiveCfg = Release|x64
		{BF82389C-2C86-4CF5-867B-033E83E5F0C9}.Release|x64.Build.0 = Release|x64
		{D75B505B-A06B-4558-B489-77F8F3CBDEF2}.Debug|x64.ActiveCfg = Debug|x64
		{D75B505B-A06B-4558-B489-77F8F3CBDEF2}.Debug|x64.Build.0 = Debug|x64
		{D75B505B-A06B-4558-B489-77F8F3CBDEF2}.Release|x64.ActiveCfg = Release|x64
		{D75B505B-A06B-4558-B489-77F8F3CBDEF2}.Release|x64.Build.0 = Release|x64
	EndGlobalSection
	GlobalSection(SolutionProperties) = preSolution
		HideSolutionNode = FALSE
	EndGlobalSection
	GlobalSection(ExtensibilityGlobals) = postSolution
		SolutionGuid = {55FA83EA-A6A3-444A-B019-1097636161BE}
	EndGlobalSection
EndGlobal
